
Microsoft Visual Studio Solution File, Format Version 12.00
# Visual Studio Version 17
VisualStudioVersion = 17.10.35013.160
MinimumVisualStudioVersion = 10.0.40219.1
Project("{9A19103F-16F7-4668-BE54-9A1E7A4F7556}") = "EcommerceApp", "EcommerceApp\EcommerceApp.csproj", "{16960BF0-962C-4AD0-BCF4-2DBB01BB3B55}"
EndProject
Project("{FAE04EC0-301F-11D3-BF4B-00C04F79EFBC}") = "ECommerceAppTest", "ECommerceAppTest\ECommerceAppTest.csproj", "{77CF32E9-385D-41D1-9F41-344B2CFD3711}"
EndProject
Global
	GlobalSection(SolutionConfigurationPlatforms) = preSolution
		Debug|Any CPU = Debug|Any CPU
		Release|Any CPU = Release|Any CPU
	EndGlobalSection
	GlobalSection(ProjectConfigurationPlatforms) = postSolution
		{16960BF0-962C-4AD0-BCF4-2DBB01BB3B55}.Debug|Any CPU.ActiveCfg = Debug|Any CPU
		{16960BF0-962C-4AD0-BCF4-2DBB01BB3B55}.Debug|Any CPU.Build.0 = Debug|Any CPU
		{16960BF0-962C-4AD0-BCF4-2DBB01BB3B55}.Release|Any CPU.ActiveCfg = Release|Any CPU
		{16960BF0-962C-4AD0-BCF4-2DBB01BB3B55}.Release|Any CPU.Build.0 = Release|Any CPU
		{77CF32E9-385D-41D1-9F41-344B2CFD3711}.Debug|Any CPU.ActiveCfg = Debug|Any CPU
		{77CF32E9-385D-41D1-9F41-344B2CFD3711}.Debug|Any CPU.Build.0 = Debug|Any CPU
		{77CF32E9-385D-41D1-9F41-344B2CFD3711}.Release|Any CPU.ActiveCfg = Release|Any CPU
		{77CF32E9-385D-41D1-9F41-344B2CFD3711}.Release|Any CPU.Build.0 = Release|Any CPU
	EndGlobalSection
	GlobalSection(SolutionProperties) = preSolution
		HideSolutionNode = FALSE
	EndGlobalSection
	GlobalSection(ExtensibilityGlobals) = postSolution
		SolutionGuid = {B6FB7071-BE5F-46DA-8C44-6AFC163D33C4}
	EndGlobalSection
EndGlobal
